
Microsoft Visual Studio Solution File, Format Version 12.00
# Visual Studio Version 17
VisualStudioVersion = 17.3.32825.248
MinimumVisualStudioVersion = 10.0.40219.1
Project("{FAE04EC0-301F-11D3-BF4B-00C04F79EFBC}") = "try-catch", "try-catch\try-catch.csproj", "{A044774A-F693-4A2C-BE6A-43DF57BD0603}"
EndProject
Global
	GlobalSection(SolutionConfigurationPlatforms) = preSolution
		Debug|Any CPU = Debug|Any CPU
		Release|Any CPU = Release|Any CPU
	EndGlobalSection
	GlobalSection(ProjectConfigurationPlatforms) = postSolution
		{A044774A-F693-4A2C-BE6A-43DF57BD0603}.Debug|Any CPU.ActiveCfg = Debug|Any CPU
		{A044774A-F693-4A2C-BE6A-43DF57BD0603}.Debug|Any CPU.Build.0 = Debug|Any CPU
		{A044774A-F693-4A2C-BE6A-43DF57BD0603}.Release|Any CPU.ActiveCfg = Release|Any CPU
		{A044774A-F693-4A2C-BE6A-43DF57BD0603}.Release|Any CPU.Build.0 = Release|Any CPU
	EndGlobalSection
	GlobalSection(SolutionProperties) = preSolution
		HideSolutionNode = FALSE
	EndGlobalSection
	GlobalSection(ExtensibilityGlobals) = postSolution
		SolutionGuid = {40DF7074-94BB-4A14-A6E3-4DF1853930C7}
	EndGlobalSection
EndGlobal
